
Microsoft Visual Studio Solution File, Format Version 12.00
# Visual Studio Version 17
VisualStudioVersion = 17.2.32630.192
MinimumVisualStudioVersion = 10.0.40219.1
Project("{FAE04EC0-301F-11D3-BF4B-00C04F79EFBC}") = "FigureLibrary", "FigureLibrary\FigureLibrary.csproj", "{EBCBF6F1-EA4D-4CF9-9FF6-A8420C869CB5}"
EndProject
Global
	GlobalSection(SolutionConfigurationPlatforms) = preSolution
		Debug|Any CPU = Debug|Any CPU
		Release|Any CPU = Release|Any CPU
	EndGlobalSection
	GlobalSection(ProjectConfigurationPlatforms) = postSolution
		{EBCBF6F1-EA4D-4CF9-9FF6-A8420C869CB5}.Debug|Any CPU.ActiveCfg = Debug|Any CPU
		{EBCBF6F1-EA4D-4CF9-9FF6-A8420C869CB5}.Debug|Any CPU.Build.0 = Debug|Any CPU
		{EBCBF6F1-EA4D-4CF9-9FF6-A8420C869CB5}.Release|Any CPU.ActiveCfg = Release|Any CPU
		{EBCBF6F1-EA4D-4CF9-9FF6-A8420C869CB5}.Release|Any CPU.Build.0 = Release|Any CPU
	EndGlobalSection
	GlobalSection(SolutionProperties) = preSolution
		HideSolutionNode = FALSE
	EndGlobalSection
	GlobalSection(ExtensibilityGlobals) = postSolution
		SolutionGuid = {847EE601-B1D4-49B2-A292-D0363EE83E89}
	EndGlobalSection
EndGlobal
